
Microsoft Visual Studio Solution File, Format Version 12.00
# Visual Studio Version 17
VisualStudioVersion = 17.10.34916.146
MinimumVisualStudioVersion = 10.0.40219.1
Project("{9A19103F-16F7-4668-BE54-9A1E7A4F7556}") = "Ticari.Entities", "Ticari.Entites\Ticari.Entities.csproj", "{11D61B43-A640-4645-8D8A-85B6D88DA009}"
EndProject
Project("{9A19103F-16F7-4668-BE54-9A1E7A4F7556}") = "Ticari.DataAccsessLayer", "Ticari.DataAccsessLayer\Ticari.DataAccsessLayer.csproj", "{F374AE24-91DB-4846-A046-CF71FCDDD25E}"
EndProject
Project("{9A19103F-16F7-4668-BE54-9A1E7A4F7556}") = "Ticari.BusinessLayer", "Ticari.BusinessLayer\Ticari.BusinessLayer.csproj", "{9515B227-064C-4581-853C-FBF36A4F0A17}"
EndProject
Project("{9A19103F-16F7-4668-BE54-9A1E7A4F7556}") = "Ticari.WebMVC", "Ticari.WebMVC\Ticari.WebMVC.csproj", "{CD472A65-641E-47AA-A612-36416B1153AB}"
EndProject
Project("{9A19103F-16F7-4668-BE54-9A1E7A4F7556}") = "TicariTestConsole", "TicariTestConsole\TicariTestConsole.csproj", "{EC373EB5-44A4-40F5-A814-5AD2512FB1F9}"
EndProject
Project("{FAE04EC0-301F-11D3-BF4B-00C04F79EFBC}") = "Ticari.Api", "Ticari.Api\Ticari.Api.csproj", "{EBEF098A-371B-45B5-874F-69FF9DFD14FE}"
EndProject
Global
	GlobalSection(SolutionConfigurationPlatforms) = preSolution
		Debug|Any CPU = Debug|Any CPU
		Release|Any CPU = Release|Any CPU
	EndGlobalSection
	GlobalSection(ProjectConfigurationPlatforms) = postSolution
		{11D61B43-A640-4645-8D8A-85B6D88DA009}.Debug|Any CPU.ActiveCfg = Debug|Any CPU
		{11D61B43-A640-4645-8D8A-85B6D88DA009}.Debug|Any CPU.Build.0 = Debug|Any CPU
		{11D61B43-A640-4645-8D8A-85B6D88DA009}.Release|Any CPU.ActiveCfg = Release|Any CPU
		{11D61B43-A640-4645-8D8A-85B6D88DA009}.Release|Any CPU.Build.0 = Release|Any CPU
		{F374AE24-91DB-4846-A046-CF71FCDDD25E}.Debug|Any CPU.ActiveCfg = Debug|Any CPU
		{F374AE24-91DB-4846-A046-CF71FCDDD25E}.Debug|Any CPU.Build.0 = Debug|Any CPU
		{F374AE24-91DB-4846-A046-CF71FCDDD25E}.Release|Any CPU.ActiveCfg = Release|Any CPU
		{F374AE24-91DB-4846-A046-CF71FCDDD25E}.Release|Any CPU.Build.0 = Release|Any CPU
		{9515B227-064C-4581-853C-FBF36A4F0A17}.Debug|Any CPU.ActiveCfg = Debug|Any CPU
		{9515B227-064C-4581-853C-FBF36A4F0A17}.Debug|Any CPU.Build.0 = Debug|Any CPU
		{9515B227-064C-4581-853C-FBF36A4F0A17}.Release|Any CPU.ActiveCfg = Release|Any CPU
		{9515B227-064C-4581-853C-FBF36A4F0A17}.Release|Any CPU.Build.0 = Release|Any CPU
		{CD472A65-641E-47AA-A612-36416B1153AB}.Debug|Any CPU.ActiveCfg = Debug|Any CPU
		{CD472A65-641E-47AA-A612-36416B1153AB}.Debug|Any CPU.Build.0 = Debug|Any CPU
		{CD472A65-641E-47AA-A612-36416B1153AB}.Release|Any CPU.ActiveCfg = Release|Any CPU
		{CD472A65-641E-47AA-A612-36416B1153AB}.Release|Any CPU.Build.0 = Release|Any CPU
		{EC373EB5-44A4-40F5-A814-5AD2512FB1F9}.Debug|Any CPU.ActiveCfg = Debug|Any CPU
		{EC373EB5-44A4-40F5-A814-5AD2512FB1F9}.Debug|Any CPU.Build.0 = Debug|Any CPU
		{EC373EB5-44A4-40F5-A814-5AD2512FB1F9}.Release|Any CPU.ActiveCfg = Release|Any CPU
		{EC373EB5-44A4-40F5-A814-5AD2512FB1F9}.Release|Any CPU.Build.0 = Release|Any CPU
		{EBEF098A-371B-45B5-874F-69FF9DFD14FE}.Debug|Any CPU.ActiveCfg = Debug|Any CPU
		{EBEF098A-371B-45B5-874F-69FF9DFD14FE}.Debug|Any CPU.Build.0 = Debug|Any CPU
		{EBEF098A-371B-45B5-874F-69FF9DFD14FE}.Release|Any CPU.ActiveCfg = Release|Any CPU
		{EBEF098A-371B-45B5-874F-69FF9DFD14FE}.Release|Any CPU.Build.0 = Release|Any CPU
	EndGlobalSection
	GlobalSection(SolutionProperties) = preSolution
		HideSolutionNode = FALSE
	EndGlobalSection
	GlobalSection(ExtensibilityGlobals) = postSolution
		SolutionGuid = {51B055E2-98C9-470D-A0BC-7252A672A127}
	EndGlobalSection
EndGlobal
